
Microsoft Visual Studio Solution File, Format Version 12.00
# Visual Studio Version 17
VisualStudioVersion = 17.8.34322.80
MinimumVisualStudioVersion = 10.0.40219.1
Project("{9A19103F-16F7-4668-BE54-9A1E7A4F7556}") = "CreditCardValidator", "CreditCardValidator\CreditCardValidator.csproj", "{86C86503-90D3-4484-8246-A1EF4E3E98DF}"
EndProject
Project("{FAE04EC0-301F-11D3-BF4B-00C04F79EFBC}") = "CreditCardValidator.Test", "CreditCardValidator.Test\CreditCardValidator.Test.csproj", "{39486648-86CB-4360-A5E2-67867210F5E3}"
EndProject
Global
	GlobalSection(SolutionConfigurationPlatforms) = preSolution
		Debug|Any CPU = Debug|Any CPU
		Release|Any CPU = Release|Any CPU
	EndGlobalSection
	GlobalSection(ProjectConfigurationPlatforms) = postSolution
		{86C86503-90D3-4484-8246-A1EF4E3E98DF}.Debug|Any CPU.ActiveCfg = Debug|Any CPU
		{86C86503-90D3-4484-8246-A1EF4E3E98DF}.Debug|Any CPU.Build.0 = Debug|Any CPU
		{86C86503-90D3-4484-8246-A1EF4E3E98DF}.Release|Any CPU.ActiveCfg = Release|Any CPU
		{86C86503-90D3-4484-8246-A1EF4E3E98DF}.Release|Any CPU.Build.0 = Release|Any CPU
		{39486648-86CB-4360-A5E2-67867210F5E3}.Debug|Any CPU.ActiveCfg = Debug|Any CPU
		{39486648-86CB-4360-A5E2-67867210F5E3}.Debug|Any CPU.Build.0 = Debug|Any CPU
		{39486648-86CB-4360-A5E2-67867210F5E3}.Release|Any CPU.ActiveCfg = Release|Any CPU
		{39486648-86CB-4360-A5E2-67867210F5E3}.Release|Any CPU.Build.0 = Release|Any CPU
	EndGlobalSection
	GlobalSection(SolutionProperties) = preSolution
		HideSolutionNode = FALSE
	EndGlobalSection
	GlobalSection(ExtensibilityGlobals) = postSolution
		SolutionGuid = {2FABFD0B-9312-47D4-A738-94C7DB67428F}
	EndGlobalSection
EndGlobal
